
Microsoft Visual Studio Solution File, Format Version 12.00
# Visual Studio Version 17
VisualStudioVersion = 17.8.34330.188
MinimumVisualStudioVersion = 10.0.40219.1
Project("{FAE04EC0-301F-11D3-BF4B-00C04F79EFBC}") = "B1TestTask.UI", "B1TestTask.UI\B1TestTask.UI.csproj", "{66F941E8-8519-4F9C-86E3-05DF5A63A0CF}"
EndProject
Global
	GlobalSection(SolutionConfigurationPlatforms) = preSolution
		Debug|Any CPU = Debug|Any CPU
		Release|Any CPU = Release|Any CPU
	EndGlobalSection
	GlobalSection(ProjectConfigurationPlatforms) = postSolution
		{66F941E8-8519-4F9C-86E3-05DF5A63A0CF}.Debug|Any CPU.ActiveCfg = Debug|Any CPU
		{66F941E8-8519-4F9C-86E3-05DF5A63A0CF}.Debug|Any CPU.Build.0 = Debug|Any CPU
		{66F941E8-8519-4F9C-86E3-05DF5A63A0CF}.Release|Any CPU.ActiveCfg = Release|Any CPU
		{66F941E8-8519-4F9C-86E3-05DF5A63A0CF}.Release|Any CPU.Build.0 = Release|Any CPU
	EndGlobalSection
	GlobalSection(SolutionProperties) = preSolution
		HideSolutionNode = FALSE
	EndGlobalSection
	GlobalSection(ExtensibilityGlobals) = postSolution
		SolutionGuid = {11876A5B-99E5-44FF-B34A-E862D14652A5}
	EndGlobalSection
EndGlobal
